<?xml version="1.0" encoding="UTF-8" standalone="yes" ?>
<CodeBlocks_project_file>
   <FileVersion major="1" minor="6" />
   <Project>
      <Option title="OpenAL" />
      <Option makefile_is_custom="1" />
      <Option compiler="gcc" />
      <Option virtualFolders="CMake Files\;CMake Files\cmake\;CMake Files\utils\;CMake Files\utils\alsoft-config\;" />
      <Build>
      <Target title="all">
         <Option working_dir="E:/simon/code/gitCode/talkback/src/openal-build" />
         <Option type="4" />
         <MakeCommands>
            <Build command="E:/simon/code/mingw482_32/mingw482_32/bin/mingw32-make.exe -f &quot;E:/simon/code/gitCode/talkback/src/openal-build/Makefile&quot;  VERBOSE=1 all" />
            <CompileFile command="E:/simon/code/mingw482_32/mingw482_32/bin/mingw32-make.exe -f &quot;E:/simon/code/gitCode/talkback/src/openal-build/Makefile&quot;  VERBOSE=1 &quot;$file&quot;" />
            <Clean command="E:/simon/code/mingw482_32/mingw482_32/bin/mingw32-make.exe -f &quot;E:/simon/code/gitCode/talkback/src/openal-build/Makefile&quot;  VERBOSE=1 clean" />
            <DistClean command="E:/simon/code/mingw482_32/mingw482_32/bin/mingw32-make.exe -f &quot;E:/simon/code/gitCode/talkback/src/openal-build/Makefile&quot;  VERBOSE=1 clean" />
         </MakeCommands>
      </Target>
      <Target title="install/local">
         <Option working_dir="E:/simon/code/gitCode/talkback/src/openal-build" />
         <Option type="4" />
         <MakeCommands>
            <Build command="E:/simon/code/mingw482_32/mingw482_32/bin/mingw32-make.exe -f &quot;E:/simon/code/gitCode/talkback/src/openal-build/Makefile&quot;  VERBOSE=1 install/local" />
            <CompileFile command="E:/simon/code/mingw482_32/mingw482_32/bin/mingw32-make.exe -f &quot;E:/simon/code/gitCode/talkback/src/openal-build/Makefile&quot;  VERBOSE=1 &quot;$file&quot;" />
            <Clean command="E:/simon/code/mingw482_32/mingw482_32/bin/mingw32-make.exe -f &quot;E:/simon/code/gitCode/talkback/src/openal-build/Makefile&quot;  VERBOSE=1 clean" />
            <DistClean command="E:/simon/code/mingw482_32/mingw482_32/bin/mingw32-make.exe -f &quot;E:/simon/code/gitCode/talkback/src/openal-build/Makefile&quot;  VERBOSE=1 clean" />
         </MakeCommands>
      </Target>
      <Target title="OpenAL32">
         <Option output="E:/simon/code/gitCode/talkback/src/openal-build/OpenAL32.dll" prefix_auto="0" extension_auto="0" />
         <Option working_dir="E:/simon/code/gitCode/talkback/src/openal-build" />
         <Option object_output="./" />
         <Option type="3" />
         <Option compiler="gcc" />
         <Compiler>
            <Add option="-DAL_BUILD_LIBRARY" />
            <Add option="-DAL_ALEXT_PROTOTYPES" />
            <Add option="-D_FILE_OFFSET_BITS=64" />
            <Add option="-D_LARGEFILE_SOURCE" />
            <Add option="-D_LARGE_FILES" />
            <Add directory="E:/simon/code/gitCode/talkback/src/openal-build" />
            <Add directory="E:/simon/code/gitCode/talkback/src/openal/Alc" />
            <Add directory="E:/simon/code/gitCode/talkback/src/openal/OpenAL32/Include" />
            <Add directory="E:/simon/code/gitCode/talkback/src/openal/include" />
            <Add directory="E:/simon/code/mingw482_32/mingw482_32/bin/../lib/gcc/i686-w64-mingw32/4.8.2/../../../../i686-w64-mingw32/include" />
            <Add directory="E:/simon/code/mingw482_32/mingw482_32/bin/../lib/gcc/i686-w64-mingw32/4.8.2/include" />
            <Add directory="E:/simon/code/mingw482_32/mingw482_32/bin/../lib/gcc/i686-w64-mingw32/4.8.2/include-fixed" />
            <Add directory="E:/simon/code/mingw482_32/mingw482_32/lib/gcc/../../i686-w64-mingw32/include/c++" />
            <Add directory="E:/simon/code/mingw482_32/mingw482_32/lib/gcc/../../i686-w64-mingw32/include/c++/backward" />
            <Add directory="E:/simon/code/mingw482_32/mingw482_32/lib/gcc/../../i686-w64-mingw32/include/c++/i686-w64-mingw32" />
         </Compiler>
         <MakeCommands>
            <Build command="E:/simon/code/mingw482_32/mingw482_32/bin/mingw32-make.exe -f &quot;E:/simon/code/gitCode/talkback/src/openal-build/Makefile&quot;  VERBOSE=1 OpenAL32" />
            <CompileFile command="E:/simon/code/mingw482_32/mingw482_32/bin/mingw32-make.exe -f &quot;E:/simon/code/gitCode/talkback/src/openal-build/Makefile&quot;  VERBOSE=1 &quot;$file&quot;" />
            <Clean command="E:/simon/code/mingw482_32/mingw482_32/bin/mingw32-make.exe -f &quot;E:/simon/code/gitCode/talkback/src/openal-build/Makefile&quot;  VERBOSE=1 clean" />
            <DistClean command="E:/simon/code/mingw482_32/mingw482_32/bin/mingw32-make.exe -f &quot;E:/simon/code/gitCode/talkback/src/openal-build/Makefile&quot;  VERBOSE=1 clean" />
         </MakeCommands>
      </Target>
      <Target title="OpenAL32/fast">
         <Option output="E:/simon/code/gitCode/talkback/src/openal-build/OpenAL32.dll" prefix_auto="0" extension_auto="0" />
         <Option working_dir="E:/simon/code/gitCode/talkback/src/openal-build" />
         <Option object_output="./" />
         <Option type="3" />
         <Option compiler="gcc" />
         <Compiler>
            <Add option="-DAL_BUILD_LIBRARY" />
            <Add option="-DAL_ALEXT_PROTOTYPES" />
            <Add option="-D_FILE_OFFSET_BITS=64" />
            <Add option="-D_LARGEFILE_SOURCE" />
            <Add option="-D_LARGE_FILES" />
            <Add directory="E:/simon/code/gitCode/talkback/src/openal-build" />
            <Add directory="E:/simon/code/gitCode/talkback/src/openal/Alc" />
            <Add directory="E:/simon/code/gitCode/talkback/src/openal/OpenAL32/Include" />
            <Add directory="E:/simon/code/gitCode/talkback/src/openal/include" />
            <Add directory="E:/simon/code/mingw482_32/mingw482_32/bin/../lib/gcc/i686-w64-mingw32/4.8.2/../../../../i686-w64-mingw32/include" />
            <Add directory="E:/simon/code/mingw482_32/mingw482_32/bin/../lib/gcc/i686-w64-mingw32/4.8.2/include" />
            <Add directory="E:/simon/code/mingw482_32/mingw482_32/bin/../lib/gcc/i686-w64-mingw32/4.8.2/include-fixed" />
            <Add directory="E:/simon/code/mingw482_32/mingw482_32/lib/gcc/../../i686-w64-mingw32/include/c++" />
            <Add directory="E:/simon/code/mingw482_32/mingw482_32/lib/gcc/../../i686-w64-mingw32/include/c++/backward" />
            <Add directory="E:/simon/code/mingw482_32/mingw482_32/lib/gcc/../../i686-w64-mingw32/include/c++/i686-w64-mingw32" />
         </Compiler>
         <MakeCommands>
            <Build command="E:/simon/code/mingw482_32/mingw482_32/bin/mingw32-make.exe -f &quot;E:/simon/code/gitCode/talkback/src/openal-build/Makefile&quot;  VERBOSE=1 OpenAL32/fast" />
            <CompileFile command="E:/simon/code/mingw482_32/mingw482_32/bin/mingw32-make.exe -f &quot;E:/simon/code/gitCode/talkback/src/openal-build/Makefile&quot;  VERBOSE=1 &quot;$file&quot;" />
            <Clean command="E:/simon/code/mingw482_32/mingw482_32/bin/mingw32-make.exe -f &quot;E:/simon/code/gitCode/talkback/src/openal-build/Makefile&quot;  VERBOSE=1 clean" />
            <DistClean command="E:/simon/code/mingw482_32/mingw482_32/bin/mingw32-make.exe -f &quot;E:/simon/code/gitCode/talkback/src/openal-build/Makefile&quot;  VERBOSE=1 clean" />
         </MakeCommands>
      </Target>
      <Target title="install/strip">
         <Option working_dir="E:/simon/code/gitCode/talkback/src/openal-build" />
         <Option type="4" />
         <MakeCommands>
            <Build command="E:/simon/code/mingw482_32/mingw482_32/bin/mingw32-make.exe -f &quot;E:/simon/code/gitCode/talkback/src/openal-build/Makefile&quot;  VERBOSE=1 install/strip" />
            <CompileFile command="E:/simon/code/mingw482_32/mingw482_32/bin/mingw32-make.exe -f &quot;E:/simon/code/gitCode/talkback/src/openal-build/Makefile&quot;  VERBOSE=1 &quot;$file&quot;" />
            <Clean command="E:/simon/code/mingw482_32/mingw482_32/bin/mingw32-make.exe -f &quot;E:/simon/code/gitCode/talkback/src/openal-build/Makefile&quot;  VERBOSE=1 clean" />
            <DistClean command="E:/simon/code/mingw482_32/mingw482_32/bin/mingw32-make.exe -f &quot;E:/simon/code/gitCode/talkback/src/openal-build/Makefile&quot;  VERBOSE=1 clean" />
         </MakeCommands>
      </Target>
      <Target title="edit_cache">
         <Option working_dir="E:/simon/code/gitCode/talkback/src/openal-build" />
         <Option type="4" />
         <MakeCommands>
            <Build command="E:/simon/code/mingw482_32/mingw482_32/bin/mingw32-make.exe -f &quot;E:/simon/code/gitCode/talkback/src/openal-build/Makefile&quot;  VERBOSE=1 edit_cache" />
            <CompileFile command="E:/simon/code/mingw482_32/mingw482_32/bin/mingw32-make.exe -f &quot;E:/simon/code/gitCode/talkback/src/openal-build/Makefile&quot;  VERBOSE=1 &quot;$file&quot;" />
            <Clean command="E:/simon/code/mingw482_32/mingw482_32/bin/mingw32-make.exe -f &quot;E:/simon/code/gitCode/talkback/src/openal-build/Makefile&quot;  VERBOSE=1 clean" />
            <DistClean command="E:/simon/code/mingw482_32/mingw482_32/bin/mingw32-make.exe -f &quot;E:/simon/code/gitCode/talkback/src/openal-build/Makefile&quot;  VERBOSE=1 clean" />
         </MakeCommands>
      </Target>
      <Target title="install">
         <Option working_dir="E:/simon/code/gitCode/talkback/src/openal-build" />
         <Option type="4" />
         <MakeCommands>
            <Build command="E:/simon/code/mingw482_32/mingw482_32/bin/mingw32-make.exe -f &quot;E:/simon/code/gitCode/talkback/src/openal-build/Makefile&quot;  VERBOSE=1 install" />
            <CompileFile command="E:/simon/code/mingw482_32/mingw482_32/bin/mingw32-make.exe -f &quot;E:/simon/code/gitCode/talkback/src/openal-build/Makefile&quot;  VERBOSE=1 &quot;$file&quot;" />
            <Clean command="E:/simon/code/mingw482_32/mingw482_32/bin/mingw32-make.exe -f &quot;E:/simon/code/gitCode/talkback/src/openal-build/Makefile&quot;  VERBOSE=1 clean" />
            <DistClean command="E:/simon/code/mingw482_32/mingw482_32/bin/mingw32-make.exe -f &quot;E:/simon/code/gitCode/talkback/src/openal-build/Makefile&quot;  VERBOSE=1 clean" />
         </MakeCommands>
      </Target>
      <Target title="rebuild_cache">
         <Option working_dir="E:/simon/code/gitCode/talkback/src/openal-build" />
         <Option type="4" />
         <MakeCommands>
            <Build command="E:/simon/code/mingw482_32/mingw482_32/bin/mingw32-make.exe -f &quot;E:/simon/code/gitCode/talkback/src/openal-build/Makefile&quot;  VERBOSE=1 rebuild_cache" />
            <CompileFile command="E:/simon/code/mingw482_32/mingw482_32/bin/mingw32-make.exe -f &quot;E:/simon/code/gitCode/talkback/src/openal-build/Makefile&quot;  VERBOSE=1 &quot;$file&quot;" />
            <Clean command="E:/simon/code/mingw482_32/mingw482_32/bin/mingw32-make.exe -f &quot;E:/simon/code/gitCode/talkback/src/openal-build/Makefile&quot;  VERBOSE=1 clean" />
            <DistClean command="E:/simon/code/mingw482_32/mingw482_32/bin/mingw32-make.exe -f &quot;E:/simon/code/gitCode/talkback/src/openal-build/Makefile&quot;  VERBOSE=1 clean" />
         </MakeCommands>
      </Target>
      <Target title="openal-info">
         <Option output="E:/simon/code/gitCode/talkback/src/openal-build/openal-info.exe" prefix_auto="0" extension_auto="0" />
         <Option working_dir="E:/simon/code/gitCode/talkback/src/openal-build" />
         <Option object_output="./" />
         <Option type="1" />
         <Option compiler="gcc" />
         <Compiler>
            <Add option="-D_FILE_OFFSET_BITS=64" />
            <Add option="-D_LARGEFILE_SOURCE" />
            <Add option="-D_LARGE_FILES" />
            <Add directory="E:/simon/code/gitCode/talkback/src/openal-build" />
            <Add directory="E:/simon/code/gitCode/talkback/src/openal/include" />
            <Add directory="E:/simon/code/mingw482_32/mingw482_32/bin/../lib/gcc/i686-w64-mingw32/4.8.2/../../../../i686-w64-mingw32/include" />
            <Add directory="E:/simon/code/mingw482_32/mingw482_32/bin/../lib/gcc/i686-w64-mingw32/4.8.2/include" />
            <Add directory="E:/simon/code/mingw482_32/mingw482_32/bin/../lib/gcc/i686-w64-mingw32/4.8.2/include-fixed" />
            <Add directory="E:/simon/code/mingw482_32/mingw482_32/lib/gcc/../../i686-w64-mingw32/include/c++" />
            <Add directory="E:/simon/code/mingw482_32/mingw482_32/lib/gcc/../../i686-w64-mingw32/include/c++/backward" />
            <Add directory="E:/simon/code/mingw482_32/mingw482_32/lib/gcc/../../i686-w64-mingw32/include/c++/i686-w64-mingw32" />
         </Compiler>
         <MakeCommands>
            <Build command="E:/simon/code/mingw482_32/mingw482_32/bin/mingw32-make.exe -f &quot;E:/simon/code/gitCode/talkback/src/openal-build/Makefile&quot;  VERBOSE=1 openal-info" />
            <CompileFile command="E:/simon/code/mingw482_32/mingw482_32/bin/mingw32-make.exe -f &quot;E:/simon/code/gitCode/talkback/src/openal-build/Makefile&quot;  VERBOSE=1 &quot;$file&quot;" />
            <Clean command="E:/simon/code/mingw482_32/mingw482_32/bin/mingw32-make.exe -f &quot;E:/simon/code/gitCode/talkback/src/openal-build/Makefile&quot;  VERBOSE=1 clean" />
            <DistClean command="E:/simon/code/mingw482_32/mingw482_32/bin/mingw32-make.exe -f &quot;E:/simon/code/gitCode/talkback/src/openal-build/Makefile&quot;  VERBOSE=1 clean" />
         </MakeCommands>
      </Target>
      <Target title="openal-info/fast">
         <Option output="E:/simon/code/gitCode/talkback/src/openal-build/openal-info.exe" prefix_auto="0" extension_auto="0" />
         <Option working_dir="E:/simon/code/gitCode/talkback/src/openal-build" />
         <Option object_output="./" />
         <Option type="1" />
         <Option compiler="gcc" />
         <Compiler>
            <Add option="-D_FILE_OFFSET_BITS=64" />
            <Add option="-D_LARGEFILE_SOURCE" />
            <Add option="-D_LARGE_FILES" />
            <Add directory="E:/simon/code/gitCode/talkback/src/openal-build" />
            <Add directory="E:/simon/code/gitCode/talkback/src/openal/include" />
            <Add directory="E:/simon/code/mingw482_32/mingw482_32/bin/../lib/gcc/i686-w64-mingw32/4.8.2/../../../../i686-w64-mingw32/include" />
            <Add directory="E:/simon/code/mingw482_32/mingw482_32/bin/../lib/gcc/i686-w64-mingw32/4.8.2/include" />
            <Add directory="E:/simon/code/mingw482_32/mingw482_32/bin/../lib/gcc/i686-w64-mingw32/4.8.2/include-fixed" />
            <Add directory="E:/simon/code/mingw482_32/mingw482_32/lib/gcc/../../i686-w64-mingw32/include/c++" />
            <Add directory="E:/simon/code/mingw482_32/mingw482_32/lib/gcc/../../i686-w64-mingw32/include/c++/backward" />
            <Add directory="E:/simon/code/mingw482_32/mingw482_32/lib/gcc/../../i686-w64-mingw32/include/c++/i686-w64-mingw32" />
         </Compiler>
         <MakeCommands>
            <Build command="E:/simon/code/mingw482_32/mingw482_32/bin/mingw32-make.exe -f &quot;E:/simon/code/gitCode/talkback/src/openal-build/Makefile&quot;  VERBOSE=1 openal-info/fast" />
            <CompileFile command="E:/simon/code/mingw482_32/mingw482_32/bin/mingw32-make.exe -f &quot;E:/simon/code/gitCode/talkback/src/openal-build/Makefile&quot;  VERBOSE=1 &quot;$file&quot;" />
            <Clean command="E:/simon/code/mingw482_32/mingw482_32/bin/mingw32-make.exe -f &quot;E:/simon/code/gitCode/talkback/src/openal-build/Makefile&quot;  VERBOSE=1 clean" />
            <DistClean command="E:/simon/code/mingw482_32/mingw482_32/bin/mingw32-make.exe -f &quot;E:/simon/code/gitCode/talkback/src/openal-build/Makefile&quot;  VERBOSE=1 clean" />
         </MakeCommands>
      </Target>
      <Target title="common">
         <Option output="E:/simon/code/gitCode/talkback/src/openal-build/libcommon.a" prefix_auto="0" extension_auto="0" />
         <Option working_dir="E:/simon/code/gitCode/talkback/src/openal-build" />
         <Option object_output="./" />
         <Option type="2" />
         <Option compiler="gcc" />
         <Compiler>
            <Add option="-D_FILE_OFFSET_BITS=64" />
            <Add option="-D_LARGEFILE_SOURCE" />
            <Add option="-D_LARGE_FILES" />
            <Add directory="E:/simon/code/gitCode/talkback/src/openal-build" />
            <Add directory="E:/simon/code/gitCode/talkback/src/openal/include" />
            <Add directory="E:/simon/code/mingw482_32/mingw482_32/bin/../lib/gcc/i686-w64-mingw32/4.8.2/../../../../i686-w64-mingw32/include" />
            <Add directory="E:/simon/code/mingw482_32/mingw482_32/bin/../lib/gcc/i686-w64-mingw32/4.8.2/include" />
            <Add directory="E:/simon/code/mingw482_32/mingw482_32/bin/../lib/gcc/i686-w64-mingw32/4.8.2/include-fixed" />
            <Add directory="E:/simon/code/mingw482_32/mingw482_32/lib/gcc/../../i686-w64-mingw32/include/c++" />
            <Add directory="E:/simon/code/mingw482_32/mingw482_32/lib/gcc/../../i686-w64-mingw32/include/c++/backward" />
            <Add directory="E:/simon/code/mingw482_32/mingw482_32/lib/gcc/../../i686-w64-mingw32/include/c++/i686-w64-mingw32" />
         </Compiler>
         <MakeCommands>
            <Build command="E:/simon/code/mingw482_32/mingw482_32/bin/mingw32-make.exe -f &quot;E:/simon/code/gitCode/talkback/src/openal-build/Makefile&quot;  VERBOSE=1 common" />
            <CompileFile command="E:/simon/code/mingw482_32/mingw482_32/bin/mingw32-make.exe -f &quot;E:/simon/code/gitCode/talkback/src/openal-build/Makefile&quot;  VERBOSE=1 &quot;$file&quot;" />
            <Clean command="E:/simon/code/mingw482_32/mingw482_32/bin/mingw32-make.exe -f &quot;E:/simon/code/gitCode/talkback/src/openal-build/Makefile&quot;  VERBOSE=1 clean" />
            <DistClean command="E:/simon/code/mingw482_32/mingw482_32/bin/mingw32-make.exe -f &quot;E:/simon/code/gitCode/talkback/src/openal-build/Makefile&quot;  VERBOSE=1 clean" />
         </MakeCommands>
      </Target>
      <Target title="common/fast">
         <Option output="E:/simon/code/gitCode/talkback/src/openal-build/libcommon.a" prefix_auto="0" extension_auto="0" />
         <Option working_dir="E:/simon/code/gitCode/talkback/src/openal-build" />
         <Option object_output="./" />
         <Option type="2" />
         <Option compiler="gcc" />
         <Compiler>
            <Add option="-D_FILE_OFFSET_BITS=64" />
            <Add option="-D_LARGEFILE_SOURCE" />
            <Add option="-D_LARGE_FILES" />
            <Add directory="E:/simon/code/gitCode/talkback/src/openal-build" />
            <Add directory="E:/simon/code/gitCode/talkback/src/openal/include" />
            <Add directory="E:/simon/code/mingw482_32/mingw482_32/bin/../lib/gcc/i686-w64-mingw32/4.8.2/../../../../i686-w64-mingw32/include" />
            <Add directory="E:/simon/code/mingw482_32/mingw482_32/bin/../lib/gcc/i686-w64-mingw32/4.8.2/include" />
            <Add directory="E:/simon/code/mingw482_32/mingw482_32/bin/../lib/gcc/i686-w64-mingw32/4.8.2/include-fixed" />
            <Add directory="E:/simon/code/mingw482_32/mingw482_32/lib/gcc/../../i686-w64-mingw32/include/c++" />
            <Add directory="E:/simon/code/mingw482_32/mingw482_32/lib/gcc/../../i686-w64-mingw32/include/c++/backward" />
            <Add directory="E:/simon/code/mingw482_32/mingw482_32/lib/gcc/../../i686-w64-mingw32/include/c++/i686-w64-mingw32" />
         </Compiler>
         <MakeCommands>
            <Build command="E:/simon/code/mingw482_32/mingw482_32/bin/mingw32-make.exe -f &quot;E:/simon/code/gitCode/talkback/src/openal-build/Makefile&quot;  VERBOSE=1 common/fast" />
            <CompileFile command="E:/simon/code/mingw482_32/mingw482_32/bin/mingw32-make.exe -f &quot;E:/simon/code/gitCode/talkback/src/openal-build/Makefile&quot;  VERBOSE=1 &quot;$file&quot;" />
            <Clean command="E:/simon/code/mingw482_32/mingw482_32/bin/mingw32-make.exe -f &quot;E:/simon/code/gitCode/talkback/src/openal-build/Makefile&quot;  VERBOSE=1 clean" />
            <DistClean command="E:/simon/code/mingw482_32/mingw482_32/bin/mingw32-make.exe -f &quot;E:/simon/code/gitCode/talkback/src/openal-build/Makefile&quot;  VERBOSE=1 clean" />
         </MakeCommands>
      </Target>
      <Target title="makehrtf">
         <Option output="E:/simon/code/gitCode/talkback/src/openal-build/makehrtf.exe" prefix_auto="0" extension_auto="0" />
         <Option working_dir="E:/simon/code/gitCode/talkback/src/openal-build" />
         <Option object_output="./" />
         <Option type="1" />
         <Option compiler="gcc" />
         <Compiler>
            <Add option="-D_FILE_OFFSET_BITS=64" />
            <Add option="-D_LARGEFILE_SOURCE" />
            <Add option="-D_LARGE_FILES" />
            <Add directory="E:/simon/code/gitCode/talkback/src/openal-build" />
            <Add directory="E:/simon/code/gitCode/talkback/src/openal/include" />
            <Add directory="E:/simon/code/mingw482_32/mingw482_32/bin/../lib/gcc/i686-w64-mingw32/4.8.2/../../../../i686-w64-mingw32/include" />
            <Add directory="E:/simon/code/mingw482_32/mingw482_32/bin/../lib/gcc/i686-w64-mingw32/4.8.2/include" />
            <Add directory="E:/simon/code/mingw482_32/mingw482_32/bin/../lib/gcc/i686-w64-mingw32/4.8.2/include-fixed" />
            <Add directory="E:/simon/code/mingw482_32/mingw482_32/lib/gcc/../../i686-w64-mingw32/include/c++" />
            <Add directory="E:/simon/code/mingw482_32/mingw482_32/lib/gcc/../../i686-w64-mingw32/include/c++/backward" />
            <Add directory="E:/simon/code/mingw482_32/mingw482_32/lib/gcc/../../i686-w64-mingw32/include/c++/i686-w64-mingw32" />
         </Compiler>
         <MakeCommands>
            <Build command="E:/simon/code/mingw482_32/mingw482_32/bin/mingw32-make.exe -f &quot;E:/simon/code/gitCode/talkback/src/openal-build/Makefile&quot;  VERBOSE=1 makehrtf" />
            <CompileFile command="E:/simon/code/mingw482_32/mingw482_32/bin/mingw32-make.exe -f &quot;E:/simon/code/gitCode/talkback/src/openal-build/Makefile&quot;  VERBOSE=1 &quot;$file&quot;" />
            <Clean command="E:/simon/code/mingw482_32/mingw482_32/bin/mingw32-make.exe -f &quot;E:/simon/code/gitCode/talkback/src/openal-build/Makefile&quot;  VERBOSE=1 clean" />
            <DistClean command="E:/simon/code/mingw482_32/mingw482_32/bin/mingw32-make.exe -f &quot;E:/simon/code/gitCode/talkback/src/openal-build/Makefile&quot;  VERBOSE=1 clean" />
         </MakeCommands>
      </Target>
      <Target title="makehrtf/fast">
         <Option output="E:/simon/code/gitCode/talkback/src/openal-build/makehrtf.exe" prefix_auto="0" extension_auto="0" />
         <Option working_dir="E:/simon/code/gitCode/talkback/src/openal-build" />
         <Option object_output="./" />
         <Option type="1" />
         <Option compiler="gcc" />
         <Compiler>
            <Add option="-D_FILE_OFFSET_BITS=64" />
            <Add option="-D_LARGEFILE_SOURCE" />
            <Add option="-D_LARGE_FILES" />
            <Add directory="E:/simon/code/gitCode/talkback/src/openal-build" />
            <Add directory="E:/simon/code/gitCode/talkback/src/openal/include" />
            <Add directory="E:/simon/code/mingw482_32/mingw482_32/bin/../lib/gcc/i686-w64-mingw32/4.8.2/../../../../i686-w64-mingw32/include" />
            <Add directory="E:/simon/code/mingw482_32/mingw482_32/bin/../lib/gcc/i686-w64-mingw32/4.8.2/include" />
            <Add directory="E:/simon/code/mingw482_32/mingw482_32/bin/../lib/gcc/i686-w64-mingw32/4.8.2/include-fixed" />
            <Add directory="E:/simon/code/mingw482_32/mingw482_32/lib/gcc/../../i686-w64-mingw32/include/c++" />
            <Add directory="E:/simon/code/mingw482_32/mingw482_32/lib/gcc/../../i686-w64-mingw32/include/c++/backward" />
            <Add directory="E:/simon/code/mingw482_32/mingw482_32/lib/gcc/../../i686-w64-mingw32/include/c++/i686-w64-mingw32" />
         </Compiler>
         <MakeCommands>
            <Build command="E:/simon/code/mingw482_32/mingw482_32/bin/mingw32-make.exe -f &quot;E:/simon/code/gitCode/talkback/src/openal-build/Makefile&quot;  VERBOSE=1 makehrtf/fast" />
            <CompileFile command="E:/simon/code/mingw482_32/mingw482_32/bin/mingw32-make.exe -f &quot;E:/simon/code/gitCode/talkback/src/openal-build/Makefile&quot;  VERBOSE=1 &quot;$file&quot;" />
            <Clean command="E:/simon/code/mingw482_32/mingw482_32/bin/mingw32-make.exe -f &quot;E:/simon/code/gitCode/talkback/src/openal-build/Makefile&quot;  VERBOSE=1 clean" />
            <DistClean command="E:/simon/code/mingw482_32/mingw482_32/bin/mingw32-make.exe -f &quot;E:/simon/code/gitCode/talkback/src/openal-build/Makefile&quot;  VERBOSE=1 clean" />
         </MakeCommands>
      </Target>
      <Target title="list_install_components">
         <Option working_dir="E:/simon/code/gitCode/talkback/src/openal-build" />
         <Option type="4" />
         <MakeCommands>
            <Build command="E:/simon/code/mingw482_32/mingw482_32/bin/mingw32-make.exe -f &quot;E:/simon/code/gitCode/talkback/src/openal-build/Makefile&quot;  VERBOSE=1 list_install_components" />
            <CompileFile command="E:/simon/code/mingw482_32/mingw482_32/bin/mingw32-make.exe -f &quot;E:/simon/code/gitCode/talkback/src/openal-build/Makefile&quot;  VERBOSE=1 &quot;$file&quot;" />
            <Clean command="E:/simon/code/mingw482_32/mingw482_32/bin/mingw32-make.exe -f &quot;E:/simon/code/gitCode/talkback/src/openal-build/Makefile&quot;  VERBOSE=1 clean" />
            <DistClean command="E:/simon/code/mingw482_32/mingw482_32/bin/mingw32-make.exe -f &quot;E:/simon/code/gitCode/talkback/src/openal-build/Makefile&quot;  VERBOSE=1 clean" />
         </MakeCommands>
      </Target>
      <Target title="alsoft-config">
         <Option output="E:/simon/code/gitCode/talkback/src/openal-build/alsoft-config.exe" prefix_auto="0" extension_auto="0" />
         <Option working_dir="E:/simon/code/gitCode/talkback/src/openal-build/utils/alsoft-config" />
         <Option object_output="./" />
         <Option type="1" />
         <Option compiler="gcc" />
         <Compiler>
            <Add option="-D_FILE_OFFSET_BITS=64" />
            <Add option="-D_LARGEFILE_SOURCE" />
            <Add option="-D_LARGE_FILES" />
            <Add option="-DQT_DLL" />
            <Add option="-DQT_NO_DEBUG" />
            <Add option="-DQT_GUI_LIB" />
            <Add option="-DQT_CORE_LIB" />
            <Add directory="C:/Qt/4.8.6/include" />
            <Add directory="C:/Qt/4.8.6/include/QtCore" />
            <Add directory="C:/Qt/4.8.6/include/QtGui" />
            <Add directory="E:/simon/code/gitCode/talkback/src/openal-build" />
            <Add directory="E:/simon/code/gitCode/talkback/src/openal-build/utils/alsoft-config" />
            <Add directory="E:/simon/code/gitCode/talkback/src/openal/include" />
            <Add directory="E:/simon/code/mingw482_32/mingw482_32/bin/../lib/gcc/i686-w64-mingw32/4.8.2/../../../../i686-w64-mingw32/include" />
            <Add directory="E:/simon/code/mingw482_32/mingw482_32/bin/../lib/gcc/i686-w64-mingw32/4.8.2/include" />
            <Add directory="E:/simon/code/mingw482_32/mingw482_32/bin/../lib/gcc/i686-w64-mingw32/4.8.2/include-fixed" />
            <Add directory="E:/simon/code/mingw482_32/mingw482_32/lib/gcc/../../i686-w64-mingw32/include/c++" />
            <Add directory="E:/simon/code/mingw482_32/mingw482_32/lib/gcc/../../i686-w64-mingw32/include/c++/backward" />
            <Add directory="E:/simon/code/mingw482_32/mingw482_32/lib/gcc/../../i686-w64-mingw32/include/c++/i686-w64-mingw32" />
         </Compiler>
         <MakeCommands>
            <Build command="E:/simon/code/mingw482_32/mingw482_32/bin/mingw32-make.exe -f &quot;E:/simon/code/gitCode/talkback/src/openal-build/utils/alsoft-config/Makefile&quot;  VERBOSE=1 alsoft-config" />
            <CompileFile command="E:/simon/code/mingw482_32/mingw482_32/bin/mingw32-make.exe -f &quot;E:/simon/code/gitCode/talkback/src/openal-build/utils/alsoft-config/Makefile&quot;  VERBOSE=1 &quot;$file&quot;" />
            <Clean command="E:/simon/code/mingw482_32/mingw482_32/bin/mingw32-make.exe -f &quot;E:/simon/code/gitCode/talkback/src/openal-build/utils/alsoft-config/Makefile&quot;  VERBOSE=1 clean" />
            <DistClean command="E:/simon/code/mingw482_32/mingw482_32/bin/mingw32-make.exe -f &quot;E:/simon/code/gitCode/talkback/src/openal-build/utils/alsoft-config/Makefile&quot;  VERBOSE=1 clean" />
         </MakeCommands>
      </Target>
      <Target title="alsoft-config/fast">
         <Option output="E:/simon/code/gitCode/talkback/src/openal-build/alsoft-config.exe" prefix_auto="0" extension_auto="0" />
         <Option working_dir="E:/simon/code/gitCode/talkback/src/openal-build/utils/alsoft-config" />
         <Option object_output="./" />
         <Option type="1" />
         <Option compiler="gcc" />
         <Compiler>
            <Add option="-D_FILE_OFFSET_BITS=64" />
            <Add option="-D_LARGEFILE_SOURCE" />
            <Add option="-D_LARGE_FILES" />
            <Add option="-DQT_DLL" />
            <Add option="-DQT_NO_DEBUG" />
            <Add option="-DQT_GUI_LIB" />
            <Add option="-DQT_CORE_LIB" />
            <Add directory="C:/Qt/4.8.6/include" />
            <Add directory="C:/Qt/4.8.6/include/QtCore" />
            <Add directory="C:/Qt/4.8.6/include/QtGui" />
            <Add directory="E:/simon/code/gitCode/talkback/src/openal-build" />
            <Add directory="E:/simon/code/gitCode/talkback/src/openal-build/utils/alsoft-config" />
            <Add directory="E:/simon/code/gitCode/talkback/src/openal/include" />
            <Add directory="E:/simon/code/mingw482_32/mingw482_32/bin/../lib/gcc/i686-w64-mingw32/4.8.2/../../../../i686-w64-mingw32/include" />
            <Add directory="E:/simon/code/mingw482_32/mingw482_32/bin/../lib/gcc/i686-w64-mingw32/4.8.2/include" />
            <Add directory="E:/simon/code/mingw482_32/mingw482_32/bin/../lib/gcc/i686-w64-mingw32/4.8.2/include-fixed" />
            <Add directory="E:/simon/code/mingw482_32/mingw482_32/lib/gcc/../../i686-w64-mingw32/include/c++" />
            <Add directory="E:/simon/code/mingw482_32/mingw482_32/lib/gcc/../../i686-w64-mingw32/include/c++/backward" />
            <Add directory="E:/simon/code/mingw482_32/mingw482_32/lib/gcc/../../i686-w64-mingw32/include/c++/i686-w64-mingw32" />
         </Compiler>
         <MakeCommands>
            <Build command="E:/simon/code/mingw482_32/mingw482_32/bin/mingw32-make.exe -f &quot;E:/simon/code/gitCode/talkback/src/openal-build/utils/alsoft-config/Makefile&quot;  VERBOSE=1 alsoft-config/fast" />
            <CompileFile command="E:/simon/code/mingw482_32/mingw482_32/bin/mingw32-make.exe -f &quot;E:/simon/code/gitCode/talkback/src/openal-build/utils/alsoft-config/Makefile&quot;  VERBOSE=1 &quot;$file&quot;" />
            <Clean command="E:/simon/code/mingw482_32/mingw482_32/bin/mingw32-make.exe -f &quot;E:/simon/code/gitCode/talkback/src/openal-build/utils/alsoft-config/Makefile&quot;  VERBOSE=1 clean" />
            <DistClean command="E:/simon/code/mingw482_32/mingw482_32/bin/mingw32-make.exe -f &quot;E:/simon/code/gitCode/talkback/src/openal-build/utils/alsoft-config/Makefile&quot;  VERBOSE=1 clean" />
         </MakeCommands>
      </Target>
      </Build>
      <Unit filename="E:/simon/code/gitCode/talkback/src/openal/Alc/ALc.c">
         <Option target="OpenAL32"/>
      </Unit>
      <Unit filename="E:/simon/code/gitCode/talkback/src/openal/Alc/ALu.c">
         <Option target="OpenAL32"/>
      </Unit>
      <Unit filename="E:/simon/code/gitCode/talkback/src/openal/Alc/alcConfig.c">
         <Option target="OpenAL32"/>
      </Unit>
      <Unit filename="E:/simon/code/gitCode/talkback/src/openal/Alc/alcRing.c">
         <Option target="OpenAL32"/>
      </Unit>
      <Unit filename="E:/simon/code/gitCode/talkback/src/openal/Alc/backends/base.c">
         <Option target="OpenAL32"/>
      </Unit>
      <Unit filename="E:/simon/code/gitCode/talkback/src/openal/Alc/backends/base.h">
         <Option target="OpenAL32"/>
      </Unit>
      <Unit filename="E:/simon/code/gitCode/talkback/src/openal/Alc/backends/loopback.c">
         <Option target="OpenAL32"/>
      </Unit>
      <Unit filename="E:/simon/code/gitCode/talkback/src/openal/Alc/backends/mmdevapi.c">
         <Option target="OpenAL32"/>
      </Unit>
      <Unit filename="E:/simon/code/gitCode/talkback/src/openal/Alc/backends/null.c">
         <Option target="OpenAL32"/>
      </Unit>
      <Unit filename="E:/simon/code/gitCode/talkback/src/openal/Alc/backends/wave.c">
         <Option target="OpenAL32"/>
      </Unit>
      <Unit filename="E:/simon/code/gitCode/talkback/src/openal/Alc/backends/winmm.c">
         <Option target="OpenAL32"/>
      </Unit>
      <Unit filename="E:/simon/code/gitCode/talkback/src/openal/Alc/bs2b.c">
         <Option target="OpenAL32"/>
      </Unit>
      <Unit filename="E:/simon/code/gitCode/talkback/src/openal/Alc/effects/autowah.c">
         <Option target="OpenAL32"/>
      </Unit>
      <Unit filename="E:/simon/code/gitCode/talkback/src/openal/Alc/effects/chorus.c">
         <Option target="OpenAL32"/>
      </Unit>
      <Unit filename="E:/simon/code/gitCode/talkback/src/openal/Alc/effects/compressor.c">
         <Option target="OpenAL32"/>
      </Unit>
      <Unit filename="E:/simon/code/gitCode/talkback/src/openal/Alc/effects/dedicated.c">
         <Option target="OpenAL32"/>
      </Unit>
      <Unit filename="E:/simon/code/gitCode/talkback/src/openal/Alc/effects/distortion.c">
         <Option target="OpenAL32"/>
      </Unit>
      <Unit filename="E:/simon/code/gitCode/talkback/src/openal/Alc/effects/echo.c">
         <Option target="OpenAL32"/>
      </Unit>
      <Unit filename="E:/simon/code/gitCode/talkback/src/openal/Alc/effects/equalizer.c">
         <Option target="OpenAL32"/>
      </Unit>
      <Unit filename="E:/simon/code/gitCode/talkback/src/openal/Alc/effects/flanger.c">
         <Option target="OpenAL32"/>
      </Unit>
      <Unit filename="E:/simon/code/gitCode/talkback/src/openal/Alc/effects/modulator.c">
         <Option target="OpenAL32"/>
      </Unit>
      <Unit filename="E:/simon/code/gitCode/talkback/src/openal/Alc/effects/null.c">
         <Option target="OpenAL32"/>
      </Unit>
      <Unit filename="E:/simon/code/gitCode/talkback/src/openal/Alc/effects/reverb.c">
         <Option target="OpenAL32"/>
      </Unit>
      <Unit filename="E:/simon/code/gitCode/talkback/src/openal/Alc/helpers.c">
         <Option target="OpenAL32"/>
      </Unit>
      <Unit filename="E:/simon/code/gitCode/talkback/src/openal/Alc/hrtf.c">
         <Option target="OpenAL32"/>
      </Unit>
      <Unit filename="E:/simon/code/gitCode/talkback/src/openal/Alc/hrtf.h">
         <Option target="OpenAL32"/>
      </Unit>
      <Unit filename="E:/simon/code/gitCode/talkback/src/openal/Alc/midi/base.c">
         <Option target="OpenAL32"/>
      </Unit>
      <Unit filename="E:/simon/code/gitCode/talkback/src/openal/Alc/midi/base.h">
         <Option target="OpenAL32"/>
      </Unit>
      <Unit filename="E:/simon/code/gitCode/talkback/src/openal/Alc/midi/dummy.c">
         <Option target="OpenAL32"/>
      </Unit>
      <Unit filename="E:/simon/code/gitCode/talkback/src/openal/Alc/midi/fluidsynth.c">
         <Option target="OpenAL32"/>
      </Unit>
      <Unit filename="E:/simon/code/gitCode/talkback/src/openal/Alc/midi/sf2load.c">
         <Option target="OpenAL32"/>
      </Unit>
      <Unit filename="E:/simon/code/gitCode/talkback/src/openal/Alc/midi/soft.c">
         <Option target="OpenAL32"/>
      </Unit>
      <Unit filename="E:/simon/code/gitCode/talkback/src/openal/Alc/mixer.c">
         <Option target="OpenAL32"/>
      </Unit>
      <Unit filename="E:/simon/code/gitCode/talkback/src/openal/Alc/mixer_c.c">
         <Option target="OpenAL32"/>
      </Unit>
      <Unit filename="E:/simon/code/gitCode/talkback/src/openal/Alc/mixer_sse.c">
         <Option target="OpenAL32"/>
      </Unit>
      <Unit filename="E:/simon/code/gitCode/talkback/src/openal/Alc/mixer_sse2.c">
         <Option target="OpenAL32"/>
      </Unit>
      <Unit filename="E:/simon/code/gitCode/talkback/src/openal/Alc/mixer_sse41.c">
         <Option target="OpenAL32"/>
      </Unit>
      <Unit filename="E:/simon/code/gitCode/talkback/src/openal/Alc/panning.c">
         <Option target="OpenAL32"/>
      </Unit>
      <Unit filename="E:/simon/code/gitCode/talkback/src/openal/OpenAL32/alAuxEffectSlot.c">
         <Option target="OpenAL32"/>
      </Unit>
      <Unit filename="E:/simon/code/gitCode/talkback/src/openal/OpenAL32/alBuffer.c">
         <Option target="OpenAL32"/>
      </Unit>
      <Unit filename="E:/simon/code/gitCode/talkback/src/openal/OpenAL32/alEffect.c">
         <Option target="OpenAL32"/>
      </Unit>
      <Unit filename="E:/simon/code/gitCode/talkback/src/openal/OpenAL32/alError.c">
         <Option target="OpenAL32"/>
      </Unit>
      <Unit filename="E:/simon/code/gitCode/talkback/src/openal/OpenAL32/alExtension.c">
         <Option target="OpenAL32"/>
      </Unit>
      <Unit filename="E:/simon/code/gitCode/talkback/src/openal/OpenAL32/alFilter.c">
         <Option target="OpenAL32"/>
      </Unit>
      <Unit filename="E:/simon/code/gitCode/talkback/src/openal/OpenAL32/alFontsound.c">
         <Option target="OpenAL32"/>
      </Unit>
      <Unit filename="E:/simon/code/gitCode/talkback/src/openal/OpenAL32/alListener.c">
         <Option target="OpenAL32"/>
      </Unit>
      <Unit filename="E:/simon/code/gitCode/talkback/src/openal/OpenAL32/alMidi.c">
         <Option target="OpenAL32"/>
      </Unit>
      <Unit filename="E:/simon/code/gitCode/talkback/src/openal/OpenAL32/alPreset.c">
         <Option target="OpenAL32"/>
      </Unit>
      <Unit filename="E:/simon/code/gitCode/talkback/src/openal/OpenAL32/alSoundfont.c">
         <Option target="OpenAL32"/>
      </Unit>
      <Unit filename="E:/simon/code/gitCode/talkback/src/openal/OpenAL32/alSource.c">
         <Option target="OpenAL32"/>
      </Unit>
      <Unit filename="E:/simon/code/gitCode/talkback/src/openal/OpenAL32/alState.c">
         <Option target="OpenAL32"/>
      </Unit>
      <Unit filename="E:/simon/code/gitCode/talkback/src/openal/OpenAL32/alThunk.c">
         <Option target="OpenAL32"/>
      </Unit>
      <Unit filename="E:/simon/code/gitCode/talkback/src/openal/OpenAL32/sample_cvt.c">
         <Option target="OpenAL32"/>
      </Unit>
      <Unit filename="E:/simon/code/gitCode/talkback/src/openal/common/atomic.c">
         <Option target="common"/>
      </Unit>
      <Unit filename="E:/simon/code/gitCode/talkback/src/openal/common/rwlock.c">
         <Option target="common"/>
      </Unit>
      <Unit filename="E:/simon/code/gitCode/talkback/src/openal/common/threads.c">
         <Option target="common"/>
      </Unit>
      <Unit filename="E:/simon/code/gitCode/talkback/src/openal/common/uintmap.c">
         <Option target="common"/>
      </Unit>
      <Unit filename="E:/simon/code/gitCode/talkback/src/openal/utils/alsoft-config/main.cpp">
         <Option target="alsoft-config"/>
      </Unit>
      <Unit filename="E:/simon/code/gitCode/talkback/src/openal/utils/alsoft-config/mainwindow.cpp">
         <Option target="alsoft-config"/>
      </Unit>
      <Unit filename="E:/simon/code/gitCode/talkback/src/openal/utils/alsoft-config/mainwindow.h">
         <Option target="alsoft-config"/>
      </Unit>
      <Unit filename="E:/simon/code/gitCode/talkback/src/openal/utils/alsoft-config/mainwindow.ui">
         <Option target="alsoft-config"/>
      </Unit>
      <Unit filename="E:/simon/code/gitCode/talkback/src/openal/utils/makehrtf.c">
         <Option target="makehrtf"/>
      </Unit>
      <Unit filename="E:/simon/code/gitCode/talkback/src/openal/utils/openal-info.c">
         <Option target="openal-info"/>
      </Unit>
      <Unit filename="E:/simon/code/gitCode/talkback/src/openal/CMakeLists.txt">
          <Option virtualFolder="CMake Files\" />
      </Unit>
      <Unit filename="E:/simon/code/gitCode/talkback/src/openal/config.h.in">
          <Option virtualFolder="CMake Files\" />
      </Unit>
      <Unit filename="E:/simon/code/gitCode/talkback/src/openal/openal.pc.in">
          <Option virtualFolder="CMake Files\" />
      </Unit>
      <Unit filename="E:/simon/code/gitCode/talkback/src/openal/cmake/CheckSharedFunctionExists.cmake">
          <Option virtualFolder="CMake Files\cmake\" />
      </Unit>
      <Unit filename="E:/simon/code/gitCode/talkback/src/openal/cmake/CheckFileOffsetBits.cmake">
          <Option virtualFolder="CMake Files\cmake\" />
      </Unit>
      <Unit filename="E:/simon/code/gitCode/talkback/src/openal/cmake/CheckFileOffsetBits.c">
          <Option virtualFolder="CMake Files\cmake\" />
      </Unit>
      <Unit filename="E:/simon/code/gitCode/talkback/src/openal/cmake/CheckFileOffsetBits.c">
          <Option virtualFolder="CMake Files\cmake\" />
      </Unit>
      <Unit filename="E:/simon/code/gitCode/talkback/src/openal/cmake/FindFluidSynth.cmake">
          <Option virtualFolder="CMake Files\cmake\" />
      </Unit>
      <Unit filename="E:/simon/code/gitCode/talkback/src/openal/cmake/FindALSA.cmake">
          <Option virtualFolder="CMake Files\cmake\" />
      </Unit>
      <Unit filename="E:/simon/code/gitCode/talkback/src/openal/cmake/FindOSS.cmake">
          <Option virtualFolder="CMake Files\cmake\" />
      </Unit>
      <Unit filename="E:/simon/code/gitCode/talkback/src/openal/cmake/FindAudioIO.cmake">
          <Option virtualFolder="CMake Files\cmake\" />
      </Unit>
      <Unit filename="E:/simon/code/gitCode/talkback/src/openal/cmake/FindSoundIO.cmake">
          <Option virtualFolder="CMake Files\cmake\" />
      </Unit>
      <Unit filename="E:/simon/code/gitCode/talkback/src/openal/cmake/FindQSA.cmake">
          <Option virtualFolder="CMake Files\cmake\" />
      </Unit>
      <Unit filename="E:/simon/code/gitCode/talkback/src/openal/cmake/FindDSound.cmake">
          <Option virtualFolder="CMake Files\cmake\" />
      </Unit>
      <Unit filename="E:/simon/code/gitCode/talkback/src/openal/cmake/FindPortAudio.cmake">
          <Option virtualFolder="CMake Files\cmake\" />
      </Unit>
      <Unit filename="E:/simon/code/gitCode/talkback/src/openal/cmake/FindPulseAudio.cmake">
          <Option virtualFolder="CMake Files\cmake\" />
      </Unit>
      <Unit filename="E:/simon/code/gitCode/talkback/src/openal/cmake/FindSDL2.cmake">
          <Option virtualFolder="CMake Files\cmake\" />
      </Unit>
      <Unit filename="E:/simon/code/gitCode/talkback/src/openal/utils/alsoft-config/CMakeLists.txt">
          <Option virtualFolder="CMake Files\utils\alsoft-config\" />
      </Unit>
      <Unit filename="E:/simon/code/gitCode/talkback/src/openal/utils/alsoft-config/CMakeLists.txt">
          <Option virtualFolder="CMake Files\utils\alsoft-config\" />
      </Unit>
   </Project>
</CodeBlocks_project_file>
